
Microsoft Visual Studio Solution File, Format Version 12.00
# Visual Studio Version 16
VisualStudioVersion = 16.0.32002.261
MinimumVisualStudioVersion = 10.0.40219.1
Project("{9A19103F-16F7-4668-BE54-9A1E7A4F7556}") = "Wordle", "Wordle\Wordle.csproj", "{5515419A-1276-4DDD-A4ED-9703DFFDBEA0}"
EndProject
Project("{2150E333-8FDC-42A3-9474-1A3956D46DE8}") = "Solution Items", "Solution Items", "{278D51A4-C697-40F4-B742-65074EA1F26D}"
	ProjectSection(SolutionItems) = preProject
		README.md = README.md
	EndProjectSection
EndProject
Global
	GlobalSection(SolutionConfigurationPlatforms) = preSolution
		Debug|Any CPU = Debug|Any CPU
		Release|Any CPU = Release|Any CPU
	EndGlobalSection
	GlobalSection(ProjectConfigurationPlatforms) = postSolution
		{5515419A-1276-4DDD-A4ED-9703DFFDBEA0}.Debug|Any CPU.ActiveCfg = Debug|Any CPU
		{5515419A-1276-4DDD-A4ED-9703DFFDBEA0}.Debug|Any CPU.Build.0 = Debug|Any CPU
		{5515419A-1276-4DDD-A4ED-9703DFFDBEA0}.Release|Any CPU.ActiveCfg = Release|Any CPU
		{5515419A-1276-4DDD-A4ED-9703DFFDBEA0}.Release|Any CPU.Build.0 = Release|Any CPU
	EndGlobalSection
	GlobalSection(SolutionProperties) = preSolution
		HideSolutionNode = FALSE
	EndGlobalSection
	GlobalSection(ExtensibilityGlobals) = postSolution
		SolutionGuid = {CB565CBF-586A-482B-83ED-9CFE5E67657E}
	EndGlobalSection
EndGlobal
